
Microsoft Visual Studio Solution File, Format Version 12.00
# Visual Studio Version 17
VisualStudioVersion = 17.11.35327.3
MinimumVisualStudioVersion = 10.0.40219.1
Project("{FAE04EC0-301F-11D3-BF4B-00C04F79EFBC}") = "SimpleStruct", "SimpleStruct.csproj", "{E8F3EAAD-23BF-4FEE-B5C8-C49651F28541}"
EndProject
Global
	GlobalSection(SolutionConfigurationPlatforms) = preSolution
		Debug|Any CPU = Debug|Any CPU
		Release|Any CPU = Release|Any CPU
	EndGlobalSection
	GlobalSection(ProjectConfigurationPlatforms) = postSolution
		{E8F3EAAD-23BF-4FEE-B5C8-C49651F28541}.Debug|Any CPU.ActiveCfg = Debug|Any CPU
		{E8F3EAAD-23BF-4FEE-B5C8-C49651F28541}.Debug|Any CPU.Build.0 = Debug|Any CPU
		{E8F3EAAD-23BF-4FEE-B5C8-C49651F28541}.Release|Any CPU.ActiveCfg = Release|Any CPU
		{E8F3EAAD-23BF-4FEE-B5C8-C49651F28541}.Release|Any CPU.Build.0 = Release|Any CPU
	EndGlobalSection
	GlobalSection(SolutionProperties) = preSolution
		HideSolutionNode = FALSE
	EndGlobalSection
	GlobalSection(ExtensibilityGlobals) = postSolution
		SolutionGuid = {472816EE-140D-414C-ADB8-21743F28255B}
	EndGlobalSection
EndGlobal
